
Microsoft Visual Studio Solution File, Format Version 12.00
# Visual Studio 2012
Project("{FAE04EC0-301F-11D3-BF4B-00C04F79EFBC}") = "NB Service", "NB Service\NB Service.csproj", "{A8B16384-C3D9-4CFD-B843-42C0926BCDA7}"
EndProject
Project("{FAE04EC0-301F-11D3-BF4B-00C04F79EFBC}") = "DataAccess", "DataAccess\DataAccess.csproj", "{904EEF88-97E0-4A70-B7EE-942EA6064A1C}"
EndProject
Project("{FAE04EC0-301F-11D3-BF4B-00C04F79EFBC}") = "Model", "Model\Model.csproj", "{1054202E-40DE-4B59-8CB2-772877B26125}"
EndProject
Global
	GlobalSection(SolutionConfigurationPlatforms) = preSolution
		Debug|Any CPU = Debug|Any CPU
		Release|Any CPU = Release|Any CPU
	EndGlobalSection
	GlobalSection(ProjectConfigurationPlatforms) = postSolution
		{A8B16384-C3D9-4CFD-B843-42C0926BCDA7}.Debug|Any CPU.ActiveCfg = Debug|Any CPU
		{A8B16384-C3D9-4CFD-B843-42C0926BCDA7}.Debug|Any CPU.Build.0 = Debug|Any CPU
		{A8B16384-C3D9-4CFD-B843-42C0926BCDA7}.Release|Any CPU.ActiveCfg = Release|Any CPU
		{A8B16384-C3D9-4CFD-B843-42C0926BCDA7}.Release|Any CPU.Build.0 = Release|Any CPU
		{904EEF88-97E0-4A70-B7EE-942EA6064A1C}.Debug|Any CPU.ActiveCfg = Debug|Any CPU
		{904EEF88-97E0-4A70-B7EE-942EA6064A1C}.Debug|Any CPU.Build.0 = Debug|Any CPU
		{904EEF88-97E0-4A70-B7EE-942EA6064A1C}.Release|Any CPU.ActiveCfg = Release|Any CPU
		{904EEF88-97E0-4A70-B7EE-942EA6064A1C}.Release|Any CPU.Build.0 = Release|Any CPU
		{1054202E-40DE-4B59-8CB2-772877B26125}.Debug|Any CPU.ActiveCfg = Debug|Any CPU
		{1054202E-40DE-4B59-8CB2-772877B26125}.Debug|Any CPU.Build.0 = Debug|Any CPU
		{1054202E-40DE-4B59-8CB2-772877B26125}.Release|Any CPU.ActiveCfg = Release|Any CPU
		{1054202E-40DE-4B59-8CB2-772877B26125}.Release|Any CPU.Build.0 = Release|Any CPU
	EndGlobalSection
	GlobalSection(SolutionProperties) = preSolution
		HideSolutionNode = FALSE
	EndGlobalSection
EndGlobal
